
Microsoft Visual Studio Solution File, Format Version 12.00
# Visual Studio Version 16
VisualStudioVersion = 16.0.30804.86
MinimumVisualStudioVersion = 10.0.40219.1
Project("{9A19103F-16F7-4668-BE54-9A1E7A4F7556}") = "DataAccess", "DataAccess\DataAccess.csproj", "{F689594F-34D2-4CDB-98E6-026937E4311C}"
EndProject
Project("{9A19103F-16F7-4668-BE54-9A1E7A4F7556}") = "Business", "Business\Business.csproj", "{5711D22C-0748-474A-8089-30702AA3D44E}"
EndProject
Project("{9A19103F-16F7-4668-BE54-9A1E7A4F7556}") = "Entities", "Entities\Entities.csproj", "{40806AD7-8068-47C0-88FE-2D68D69B31DA}"
EndProject
Project("{9A19103F-16F7-4668-BE54-9A1E7A4F7556}") = "ConsoleUI", "ConsoleUI\ConsoleUI.csproj", "{B5FE4C32-58A5-457C-B63B-2503B422881D}"
EndProject
Project("{9A19103F-16F7-4668-BE54-9A1E7A4F7556}") = "Core", "Core\Core.csproj", "{81005688-D39A-448A-9D19-7546A1048FD4}"
EndProject
Project("{FAE04EC0-301F-11D3-BF4B-00C04F79EFBC}") = "WebAPI", "WebAPI\WebAPI.csproj", "{4037661D-B582-4099-A27D-55016BF79875}"
EndProject
Global
	GlobalSection(SolutionConfigurationPlatforms) = preSolution
		Debug|Any CPU = Debug|Any CPU
		Release|Any CPU = Release|Any CPU
	EndGlobalSection
	GlobalSection(ProjectConfigurationPlatforms) = postSolution
		{F689594F-34D2-4CDB-98E6-026937E4311C}.Debug|Any CPU.ActiveCfg = Debug|Any CPU
		{F689594F-34D2-4CDB-98E6-026937E4311C}.Debug|Any CPU.Build.0 = Debug|Any CPU
		{F689594F-34D2-4CDB-98E6-026937E4311C}.Release|Any CPU.ActiveCfg = Release|Any CPU
		{F689594F-34D2-4CDB-98E6-026937E4311C}.Release|Any CPU.Build.0 = Release|Any CPU
		{5711D22C-0748-474A-8089-30702AA3D44E}.Debug|Any CPU.ActiveCfg = Debug|Any CPU
		{5711D22C-0748-474A-8089-30702AA3D44E}.Debug|Any CPU.Build.0 = Debug|Any CPU
		{5711D22C-0748-474A-8089-30702AA3D44E}.Release|Any CPU.ActiveCfg = Release|Any CPU
		{5711D22C-0748-474A-8089-30702AA3D44E}.Release|Any CPU.Build.0 = Release|Any CPU
		{40806AD7-8068-47C0-88FE-2D68D69B31DA}.Debug|Any CPU.ActiveCfg = Debug|Any CPU
		{40806AD7-8068-47C0-88FE-2D68D69B31DA}.Debug|Any CPU.Build.0 = Debug|Any CPU
		{40806AD7-8068-47C0-88FE-2D68D69B31DA}.Release|Any CPU.ActiveCfg = Release|Any CPU
		{40806AD7-8068-47C0-88FE-2D68D69B31DA}.Release|Any CPU.Build.0 = Release|Any CPU
		{B5FE4C32-58A5-457C-B63B-2503B422881D}.Debug|Any CPU.ActiveCfg = Debug|Any CPU
		{B5FE4C32-58A5-457C-B63B-2503B422881D}.Debug|Any CPU.Build.0 = Debug|Any CPU
		{B5FE4C32-58A5-457C-B63B-2503B422881D}.Release|Any CPU.ActiveCfg = Release|Any CPU
		{B5FE4C32-58A5-457C-B63B-2503B422881D}.Release|Any CPU.Build.0 = Release|Any CPU
		{81005688-D39A-448A-9D19-7546A1048FD4}.Debug|Any CPU.ActiveCfg = Debug|Any CPU
		{81005688-D39A-448A-9D19-7546A1048FD4}.Debug|Any CPU.Build.0 = Debug|Any CPU
		{81005688-D39A-448A-9D19-7546A1048FD4}.Release|Any CPU.ActiveCfg = Release|Any CPU
		{81005688-D39A-448A-9D19-7546A1048FD4}.Release|Any CPU.Build.0 = Release|Any CPU
		{4037661D-B582-4099-A27D-55016BF79875}.Debug|Any CPU.ActiveCfg = Debug|Any CPU
		{4037661D-B582-4099-A27D-55016BF79875}.Debug|Any CPU.Build.0 = Debug|Any CPU
		{4037661D-B582-4099-A27D-55016BF79875}.Release|Any CPU.ActiveCfg = Release|Any CPU
		{4037661D-B582-4099-A27D-55016BF79875}.Release|Any CPU.Build.0 = Release|Any CPU
	EndGlobalSection
	GlobalSection(SolutionProperties) = preSolution
		HideSolutionNode = FALSE
	EndGlobalSection
	GlobalSection(ExtensibilityGlobals) = postSolution
		SolutionGuid = {8C799FC7-CC67-4865-85CB-346AC890A36A}
	EndGlobalSection
EndGlobal
